
Microsoft Visual Studio Solution File, Format Version 12.00
# Visual Studio Version 17
VisualStudioVersion = 17.5.33516.290
MinimumVisualStudioVersion = 10.0.40219.1
Project("{FAE04EC0-301F-11D3-BF4B-00C04F79EFBC}") = "Jobseeker", "Jobseeker\Jobseeker.csproj", "{3BF246A4-E14B-4889-AB08-FC7A02F656B2}"
EndProject
Global
	GlobalSection(SolutionConfigurationPlatforms) = preSolution
		Debug|Any CPU = Debug|Any CPU
		Release|Any CPU = Release|Any CPU
	EndGlobalSection
	GlobalSection(ProjectConfigurationPlatforms) = postSolution
		{3BF246A4-E14B-4889-AB08-FC7A02F656B2}.Debug|Any CPU.ActiveCfg = Debug|Any CPU
		{3BF246A4-E14B-4889-AB08-FC7A02F656B2}.Debug|Any CPU.Build.0 = Debug|Any CPU
		{3BF246A4-E14B-4889-AB08-FC7A02F656B2}.Release|Any CPU.ActiveCfg = Release|Any CPU
		{3BF246A4-E14B-4889-AB08-FC7A02F656B2}.Release|Any CPU.Build.0 = Release|Any CPU
	EndGlobalSection
	GlobalSection(SolutionProperties) = preSolution
		HideSolutionNode = FALSE
	EndGlobalSection
	GlobalSection(ExtensibilityGlobals) = postSolution
		SolutionGuid = {DC2F162D-3357-4483-87D1-6CD14DC9539E}
	EndGlobalSection
EndGlobal
